
Microsoft Visual Studio Solution File, Format Version 12.00
# Visual Studio 14
VisualStudioVersion = 14.0.25420.1
MinimumVisualStudioVersion = 10.0.40219.1
Project("{FAE04EC0-301F-11D3-BF4B-00C04F79EFBC}") = "Ch06Ex01", "Ch06Ex01\Ch06Ex01.csproj", "{27CD675B-DEF9-4FDA-8D5B-A25C3F734E2B}"
EndProject
Project("{FAE04EC0-301F-11D3-BF4B-00C04F79EFBC}") = "Ch06Ex02", "Ch06Ex02\Ch06Ex02.csproj", "{57E4A89C-D5FF-4F36-A53D-D66B71362678}"
EndProject
Project("{FAE04EC0-301F-11D3-BF4B-00C04F79EFBC}") = "Ch06Ex03", "Ch06Ex03\Ch06Ex03.csproj", "{E24BD7C0-DEE1-4E85-BDD5-B1C95DEFB28B}"
EndProject
Project("{FAE04EC0-301F-11D3-BF4B-00C04F79EFBC}") = "Ch06Ex04", "Ch06Ex04\Ch06Ex04.csproj", "{300F28DA-3679-40B1-A0D4-5ED6371E8481}"
EndProject
Project("{FAE04EC0-301F-11D3-BF4B-00C04F79EFBC}") = "Ch06Ex05", "Ch06Ex05\Ch06Ex05.csproj", "{D032A2D7-F6E2-4EFF-BE68-4E7FB52412E2}"
EndProject
Project("{FAE04EC0-301F-11D3-BF4B-00C04F79EFBC}") = "Ch06Ex06", "Ch06Ex06\Ch06Ex06.csproj", "{6B8EBEA7-95F0-4D5D-B39A-C8B5AA3EED78}"
EndProject
Project("{FAE04EC0-301F-11D3-BF4B-00C04F79EFBC}") = "Ch06Hw02", "Ch06Hw02\Ch06Hw02.csproj", "{4A6C8112-F92C-41EC-A75D-38D565C14B42}"
EndProject
Project("{FAE04EC0-301F-11D3-BF4B-00C04F79EFBC}") = "Ch06Hw03", "Ch06Hw03\Ch06Hw03.csproj", "{F9A183F8-370D-48FC-BE8F-0A521095D810}"
EndProject
Project("{FAE04EC0-301F-11D3-BF4B-00C04F79EFBC}") = "Ch06Hw04", "Ch06Hw04\Ch06Hw04.csproj", "{C32F502E-D15E-47AE-BD6D-AA1F283C5F86}"
EndProject
Global
	GlobalSection(SolutionConfigurationPlatforms) = preSolution
		Debug|Any CPU = Debug|Any CPU
		Release|Any CPU = Release|Any CPU
	EndGlobalSection
	GlobalSection(ProjectConfigurationPlatforms) = postSolution
		{27CD675B-DEF9-4FDA-8D5B-A25C3F734E2B}.Debug|Any CPU.ActiveCfg = Debug|Any CPU
		{27CD675B-DEF9-4FDA-8D5B-A25C3F734E2B}.Debug|Any CPU.Build.0 = Debug|Any CPU
		{27CD675B-DEF9-4FDA-8D5B-A25C3F734E2B}.Release|Any CPU.ActiveCfg = Release|Any CPU
		{27CD675B-DEF9-4FDA-8D5B-A25C3F734E2B}.Release|Any CPU.Build.0 = Release|Any CPU
		{57E4A89C-D5FF-4F36-A53D-D66B71362678}.Debug|Any CPU.ActiveCfg = Debug|Any CPU
		{57E4A89C-D5FF-4F36-A53D-D66B71362678}.Debug|Any CPU.Build.0 = Debug|Any CPU
		{57E4A89C-D5FF-4F36-A53D-D66B71362678}.Release|Any CPU.ActiveCfg = Release|Any CPU
		{57E4A89C-D5FF-4F36-A53D-D66B71362678}.Release|Any CPU.Build.0 = Release|Any CPU
		{E24BD7C0-DEE1-4E85-BDD5-B1C95DEFB28B}.Debug|Any CPU.ActiveCfg = Debug|Any CPU
		{E24BD7C0-DEE1-4E85-BDD5-B1C95DEFB28B}.Debug|Any CPU.Build.0 = Debug|Any CPU
		{E24BD7C0-DEE1-4E85-BDD5-B1C95DEFB28B}.Release|Any CPU.ActiveCfg = Release|Any CPU
		{E24BD7C0-DEE1-4E85-BDD5-B1C95DEFB28B}.Release|Any CPU.Build.0 = Release|Any CPU
		{300F28DA-3679-40B1-A0D4-5ED6371E8481}.Debug|Any CPU.ActiveCfg = Debug|Any CPU
		{300F28DA-3679-40B1-A0D4-5ED6371E8481}.Debug|Any CPU.Build.0 = Debug|Any CPU
		{300F28DA-3679-40B1-A0D4-5ED6371E8481}.Release|Any CPU.ActiveCfg = Release|Any CPU
		{300F28DA-3679-40B1-A0D4-5ED6371E8481}.Release|Any CPU.Build.0 = Release|Any CPU
		{D032A2D7-F6E2-4EFF-BE68-4E7FB52412E2}.Debug|Any CPU.ActiveCfg = Debug|Any CPU
		{D032A2D7-F6E2-4EFF-BE68-4E7FB52412E2}.Debug|Any CPU.Build.0 = Debug|Any CPU
		{D032A2D7-F6E2-4EFF-BE68-4E7FB52412E2}.Release|Any CPU.ActiveCfg = Release|Any CPU
		{D032A2D7-F6E2-4EFF-BE68-4E7FB52412E2}.Release|Any CPU.Build.0 = Release|Any CPU
		{6B8EBEA7-95F0-4D5D-B39A-C8B5AA3EED78}.Debug|Any CPU.ActiveCfg = Debug|Any CPU
		{6B8EBEA7-95F0-4D5D-B39A-C8B5AA3EED78}.Debug|Any CPU.Build.0 = Debug|Any CPU
		{6B8EBEA7-95F0-4D5D-B39A-C8B5AA3EED78}.Release|Any CPU.ActiveCfg = Release|Any CPU
		{6B8EBEA7-95F0-4D5D-B39A-C8B5AA3EED78}.Release|Any CPU.Build.0 = Release|Any CPU
		{4A6C8112-F92C-41EC-A75D-38D565C14B42}.Debug|Any CPU.ActiveCfg = Debug|Any CPU
		{4A6C8112-F92C-41EC-A75D-38D565C14B42}.Debug|Any CPU.Build.0 = Debug|Any CPU
		{4A6C8112-F92C-41EC-A75D-38D565C14B42}.Release|Any CPU.ActiveCfg = Release|Any CPU
		{4A6C8112-F92C-41EC-A75D-38D565C14B42}.Release|Any CPU.Build.0 = Release|Any CPU
		{F9A183F8-370D-48FC-BE8F-0A521095D810}.Debug|Any CPU.ActiveCfg = Debug|Any CPU
		{F9A183F8-370D-48FC-BE8F-0A521095D810}.Debug|Any CPU.Build.0 = Debug|Any CPU
		{F9A183F8-370D-48FC-BE8F-0A521095D810}.Release|Any CPU.ActiveCfg = Release|Any CPU
		{F9A183F8-370D-48FC-BE8F-0A521095D810}.Release|Any CPU.Build.0 = Release|Any CPU
		{C32F502E-D15E-47AE-BD6D-AA1F283C5F86}.Debug|Any CPU.ActiveCfg = Debug|Any CPU
		{C32F502E-D15E-47AE-BD6D-AA1F283C5F86}.Debug|Any CPU.Build.0 = Debug|Any CPU
		{C32F502E-D15E-47AE-BD6D-AA1F283C5F86}.Release|Any CPU.ActiveCfg = Release|Any CPU
		{C32F502E-D15E-47AE-BD6D-AA1F283C5F86}.Release|Any CPU.Build.0 = Release|Any CPU
	EndGlobalSection
	GlobalSection(SolutionProperties) = preSolution
		HideSolutionNode = FALSE
	EndGlobalSection
EndGlobal
