
Microsoft Visual Studio Solution File, Format Version 12.00
# Visual Studio 14
VisualStudioVersion = 14.0.25420.1
MinimumVisualStudioVersion = 10.0.40219.1
Project("{FAE04EC0-301F-11D3-BF4B-00C04F79EFBC}") = "Ch11Ex01", "Ch11Ex01\Ch11Ex01.csproj", "{394CF52B-5511-453C-8A8B-E3ABDFC87755}"
EndProject
Project("{FAE04EC0-301F-11D3-BF4B-00C04F79EFBC}") = "Ch11Ex02", "Ch11Ex02\Ch11Ex02.csproj", "{ED07CED3-7B3A-4957-A6CA-A62EBF89A907}"
EndProject
Global
	GlobalSection(SolutionConfigurationPlatforms) = preSolution
		Debug|Any CPU = Debug|Any CPU
		Release|Any CPU = Release|Any CPU
	EndGlobalSection
	GlobalSection(ProjectConfigurationPlatforms) = postSolution
		{394CF52B-5511-453C-8A8B-E3ABDFC87755}.Debug|Any CPU.ActiveCfg = Debug|Any CPU
		{394CF52B-5511-453C-8A8B-E3ABDFC87755}.Debug|Any CPU.Build.0 = Debug|Any CPU
		{394CF52B-5511-453C-8A8B-E3ABDFC87755}.Release|Any CPU.ActiveCfg = Release|Any CPU
		{394CF52B-5511-453C-8A8B-E3ABDFC87755}.Release|Any CPU.Build.0 = Release|Any CPU
		{ED07CED3-7B3A-4957-A6CA-A62EBF89A907}.Debug|Any CPU.ActiveCfg = Debug|Any CPU
		{ED07CED3-7B3A-4957-A6CA-A62EBF89A907}.Debug|Any CPU.Build.0 = Debug|Any CPU
		{ED07CED3-7B3A-4957-A6CA-A62EBF89A907}.Release|Any CPU.ActiveCfg = Release|Any CPU
		{ED07CED3-7B3A-4957-A6CA-A62EBF89A907}.Release|Any CPU.Build.0 = Release|Any CPU
	EndGlobalSection
	GlobalSection(SolutionProperties) = preSolution
		HideSolutionNode = FALSE
	EndGlobalSection
EndGlobal
